
Microsoft Visual Studio Solution File, Format Version 12.00
Project("{FAE04EC0-301F-11D3-BF4B-00C04F79EFBC}") = "OdeToFoodE", "OdeToFoodE\OdeToFoodE.csproj", "{7974271A-C04B-41C0-AD5E-E1D5A6D5B621}"
EndProject
Global
	GlobalSection(SolutionConfigurationPlatforms) = preSolution
		Debug|Any CPU = Debug|Any CPU
		Release|Any CPU = Release|Any CPU
	EndGlobalSection
	GlobalSection(ProjectConfigurationPlatforms) = postSolution
		{7974271A-C04B-41C0-AD5E-E1D5A6D5B621}.Debug|Any CPU.ActiveCfg = Debug|Any CPU
		{7974271A-C04B-41C0-AD5E-E1D5A6D5B621}.Debug|Any CPU.Build.0 = Debug|Any CPU
		{7974271A-C04B-41C0-AD5E-E1D5A6D5B621}.Release|Any CPU.ActiveCfg = Release|Any CPU
		{7974271A-C04B-41C0-AD5E-E1D5A6D5B621}.Release|Any CPU.Build.0 = Release|Any CPU
	EndGlobalSection
EndGlobal
